// !$*UTF8*$!
{
	archiveVersion = 1;
	classes = {
	};
	objectVersion = 56;
	objects = {

/* Begin PBXBuildFile section */
		1E9297282AC7063600555CFF /* Identifiable+Protocol.swift in Sources */ = {isa = PBXBuildFile; fileRef = 1E9297272AC7063600555CFF /* Identifiable+Protocol.swift */; };
		1E92972A2AC7067900555CFF /* Iterable+Protocol.swift in Sources */ = {isa = PBXBuildFile; fileRef = 1E9297292AC7067900555CFF /* Iterable+Protocol.swift */; };
		1E9297302AC7082A00555CFF /* Property+Protocol.swift in Sources */ = {isa = PBXBuildFile; fileRef = 1E92972F2AC7082A00555CFF /* Property+Protocol.swift */; };
		1E9297332AC7089F00555CFF /* Type+Enum.swift in Sources */ = {isa = PBXBuildFile; fileRef = 1E9297322AC7089F00555CFF /* Type+Enum.swift */; };
		1E9297352AC708B800555CFF /* Variable+Enum.swift in Sources */ = {isa = PBXBuildFile; fileRef = 1E9297342AC708B800555CFF /* Variable+Enum.swift */; };
		1E9297372AC7096700555CFF /* Mode+Enum.swift in Sources */ = {isa = PBXBuildFile; fileRef = 1E9297362AC7096700555CFF /* Mode+Enum.swift */; };
		1E9297392AC7097200555CFF /* Input+Enum.swift in Sources */ = {isa = PBXBuildFile; fileRef = 1E9297382AC7097200555CFF /* Input+Enum.swift */; };
		1E92973B2AC709AB00555CFF /* Game+View.swift in Sources */ = {isa = PBXBuildFile; fileRef = 1E92973A2AC709AB00555CFF /* Game+View.swift */; };
		1E92973D2AC70A4600555CFF /* Hash+Enum.swift in Sources */ = {isa = PBXBuildFile; fileRef = 1E92973C2AC70A4600555CFF /* Hash+Enum.swift */; };
		1E9297412AC70AC900555CFF /* Format+Protocol.swift in Sources */ = {isa = PBXBuildFile; fileRef = 1E9297402AC70AC900555CFF /* Format+Protocol.swift */; };
		1E9297432AC70B0900555CFF /* Format+Enum.swift in Sources */ = {isa = PBXBuildFile; fileRef = 1E9297422AC70B0900555CFF /* Format+Enum.swift */; };
		1E9297452AC70B1200555CFF /* Digital+Enum.swift in Sources */ = {isa = PBXBuildFile; fileRef = 1E9297442AC70B1200555CFF /* Digital+Enum.swift */; };
		1E9297472AC70B1B00555CFF /* Physical+Enum.swift in Sources */ = {isa = PBXBuildFile; fileRef = 1E9297462AC70B1B00555CFF /* Physical+Enum.swift */; };
		1E92974C2AC7490300555CFF /* Platform+Protocol.swift in Sources */ = {isa = PBXBuildFile; fileRef = 1E92974B2AC7490300555CFF /* Platform+Protocol.swift */; };
		1E92974E2AC749E100555CFF /* Platform+Enum.swift in Sources */ = {isa = PBXBuildFile; fileRef = 1E92974D2AC749E100555CFF /* Platform+Enum.swift */; };
		1E9297532AC74A3600555CFF /* PC+Enum.swift in Sources */ = {isa = PBXBuildFile; fileRef = 1E92974F2AC74A3600555CFF /* PC+Enum.swift */; };
		1E9297542AC74A3600555CFF /* PlayStation+Enum.swift in Sources */ = {isa = PBXBuildFile; fileRef = 1E9297502AC74A3600555CFF /* PlayStation+Enum.swift */; };
		1E9297552AC74A3600555CFF /* Nintendo+Enum.swift in Sources */ = {isa = PBXBuildFile; fileRef = 1E9297512AC74A3600555CFF /* Nintendo+Enum.swift */; };
		1E9297562AC74A3600555CFF /* Xbox+Enum.swift in Sources */ = {isa = PBXBuildFile; fileRef = 1E9297522AC74A3600555CFF /* Xbox+Enum.swift */; };
		1E9297592AC74CE700555CFF /* Input+Builder.swift in Sources */ = {isa = PBXBuildFile; fileRef = 1E9297582AC74CE700555CFF /* Input+Builder.swift */; };
		1E92975B2AC74CEF00555CFF /* Platform+Builder.swift in Sources */ = {isa = PBXBuildFile; fileRef = 1E92975A2AC74CEF00555CFF /* Platform+Builder.swift */; };
		1E92975D2AC74CF500555CFF /* Mode+Builder.swift in Sources */ = {isa = PBXBuildFile; fileRef = 1E92975C2AC74CF500555CFF /* Mode+Builder.swift */; };
		1E92975F2AC74CFF00555CFF /* Builder+Protocol.swift in Sources */ = {isa = PBXBuildFile; fileRef = 1E92975E2AC74CFF00555CFF /* Builder+Protocol.swift */; };
		1E9297682AC7525800555CFF /* PlatformDictionary+Protocol.swift in Sources */ = {isa = PBXBuildFile; fileRef = 1E9297672AC7525800555CFF /* PlatformDictionary+Protocol.swift */; };
		1E92976E2AC7807E00555CFF /* Predicate+Extension.swift in Sources */ = {isa = PBXBuildFile; fileRef = 1E92976D2AC7807E00555CFF /* Predicate+Extension.swift */; };
		1E9297702AC780AD00555CFF /* SortDesc+Extension.swift in Sources */ = {isa = PBXBuildFile; fileRef = 1E92976F2AC780AD00555CFF /* SortDesc+Extension.swift */; };
		1E9297782AC7985E00555CFF /* Game+Builder.swift in Sources */ = {isa = PBXBuildFile; fileRef = 1E9297772AC7985E00555CFF /* Game+Builder.swift */; };
		1E92977D2AC7BDFA00555CFF /* Entity+Enum.swift in Sources */ = {isa = PBXBuildFile; fileRef = 1E92977C2AC7BDFA00555CFF /* Entity+Enum.swift */; };
		1E9297812AC7BED300555CFF /* Entity+Protocol.swift in Sources */ = {isa = PBXBuildFile; fileRef = 1E9297802AC7BED300555CFF /* Entity+Protocol.swift */; };
		1E9297832AC7CDA900555CFF /* Main+View.swift in Sources */ = {isa = PBXBuildFile; fileRef = 1E9297822AC7CDA900555CFF /* Main+View.swift */; };
		1E9297872AC7D14200555CFF /* Inputs+View.swift in Sources */ = {isa = PBXBuildFile; fileRef = 1E9297862AC7D14200555CFF /* Inputs+View.swift */; };
		1E9297892AC801AB00555CFF /* NSSet+Extension.swift in Sources */ = {isa = PBXBuildFile; fileRef = 1E9297882AC801AB00555CFF /* NSSet+Extension.swift */; };
		1E92978F2AC8702B00555CFF /* AddInput+View.swift in Sources */ = {isa = PBXBuildFile; fileRef = 1E92978E2AC8702B00555CFF /* AddInput+View.swift */; };
		1E9297912AC8717E00555CFF /* [Property]+Extension.swift in Sources */ = {isa = PBXBuildFile; fileRef = 1E9297902AC8717E00555CFF /* [Property]+Extension.swift */; };
		1E92979D2AC8754B00555CFF /* series.txt in Resources */ = {isa = PBXBuildFile; fileRef = 1E9297992AC8754B00555CFF /* series.txt */; };
		1E92979E2AC8754B00555CFF /* ResourceReader.swift in Sources */ = {isa = PBXBuildFile; fileRef = 1E92979A2AC8754B00555CFF /* ResourceReader.swift */; };
		1E92979F2AC8754B00555CFF /* image.txt in Resources */ = {isa = PBXBuildFile; fileRef = 1E92979B2AC8754B00555CFF /* image.txt */; };
		1E9297A02AC8754B00555CFF /* genre.txt in Resources */ = {isa = PBXBuildFile; fileRef = 1E92979C2AC8754B00555CFF /* genre.txt */; };
		1E9297A32AC8854800555CFF /* Array+Extension.swift in Sources */ = {isa = PBXBuildFile; fileRef = 1E9297A22AC8854800555CFF /* Array+Extension.swift */; };
		1E9297A52AC8878D00555CFF /* Modes+View.swift in Sources */ = {isa = PBXBuildFile; fileRef = 1E9297A42AC8878D00555CFF /* Modes+View.swift */; };
		1E9297A72AC88C0400555CFF /* Platforms+View.swift in Sources */ = {isa = PBXBuildFile; fileRef = 1E9297A62AC88C0400555CFF /* Platforms+View.swift */; };
		1E9297AB2AC8942D00555CFF /* AddPlatform+View.swift in Sources */ = {isa = PBXBuildFile; fileRef = 1E9297AA2AC8942D00555CFF /* AddPlatform+View.swift */; };
		1E9297AD2AC89EDC00555CFF /* Property+Dictionary.swift in Sources */ = {isa = PBXBuildFile; fileRef = 1E9297AC2AC89EDC00555CFF /* Property+Dictionary.swift */; };
		1E9297AF2AC8C11D00555CFF /* InputDictionary+Protocol.swift in Sources */ = {isa = PBXBuildFile; fileRef = 1E9297AE2AC8C11D00555CFF /* InputDictionary+Protocol.swift */; };
		1E9297B12AC8C12D00555CFF /* ModeDictionary+Protocol.swift in Sources */ = {isa = PBXBuildFile; fileRef = 1E9297B02AC8C12D00555CFF /* ModeDictionary+Protocol.swift */; };
		1E9297B32AC8D93600555CFF /* Form+View.swift in Sources */ = {isa = PBXBuildFile; fileRef = 1E9297B22AC8D93600555CFF /* Form+View.swift */; };
		6200A33A2AC6915B00206FFA /* Property+Class.swift in Sources */ = {isa = PBXBuildFile; fileRef = 6200A3392AC6915A00206FFA /* Property+Class.swift */; };
		6200A33C2AC6916400206FFA /* Game+Class.swift in Sources */ = {isa = PBXBuildFile; fileRef = 6200A33B2AC6916400206FFA /* Game+Class.swift */; };
		6200A3472AC694BE00206FFA /* Context+Extension.swift in Sources */ = {isa = PBXBuildFile; fileRef = 6200A3462AC694BE00206FFA /* Context+Extension.swift */; };
		6200A3492AC694D800206FFA /* Date+Extension.swift in Sources */ = {isa = PBXBuildFile; fileRef = 6200A3482AC694D800206FFA /* Date+Extension.swift */; };
		6200A34D2AC6956400206FFA /* Image+Extension.swift in Sources */ = {isa = PBXBuildFile; fileRef = 6200A34C2AC6956400206FFA /* Image+Extension.swift */; };
		6200A34F2AC6957800206FFA /* String+Extension.swift in Sources */ = {isa = PBXBuildFile; fileRef = 6200A34E2AC6957800206FFA /* String+Extension.swift */; };
		6200A3522AC6959E00206FFA /* Hide+Modifier.swift in Sources */ = {isa = PBXBuildFile; fileRef = 6200A3512AC6959E00206FFA /* Hide+Modifier.swift */; };
		6200A3542AC695B300206FFA /* View+Extension.swift in Sources */ = {isa = PBXBuildFile; fileRef = 6200A3532AC695B300206FFA /* View+Extension.swift */; };
		6200A3562AC695CF00206FFA /* Icon+View.swift in Sources */ = {isa = PBXBuildFile; fileRef = 6200A3552AC695CF00206FFA /* Icon+View.swift */; };
		6200A3582AC6961C00206FFA /* String?+Extension.swift in Sources */ = {isa = PBXBuildFile; fileRef = 6200A3572AC6961C00206FFA /* String?+Extension.swift */; };
		622EFDAC2AC68DE700FCB052 /* autosavedBetaApp.swift in Sources */ = {isa = PBXBuildFile; fileRef = 622EFDAB2AC68DE700FCB052 /* autosavedBetaApp.swift */; };
		622EFDAE2AC68DE700FCB052 /* ContentView.swift in Sources */ = {isa = PBXBuildFile; fileRef = 622EFDAD2AC68DE700FCB052 /* ContentView.swift */; };
		622EFDB02AC68DEA00FCB052 /* Assets.xcassets in Resources */ = {isa = PBXBuildFile; fileRef = 622EFDAF2AC68DEA00FCB052 /* Assets.xcassets */; };
		622EFDB32AC68DEA00FCB052 /* Preview Assets.xcassets in Resources */ = {isa = PBXBuildFile; fileRef = 622EFDB22AC68DEA00FCB052 /* Preview Assets.xcassets */; };
		622EFDB52AC68DEA00FCB052 /* Persistence.swift in Sources */ = {isa = PBXBuildFile; fileRef = 622EFDB42AC68DEA00FCB052 /* Persistence.swift */; };
		622EFDB82AC68DEA00FCB052 /* autosavedBeta.xcdatamodeld in Sources */ = {isa = PBXBuildFile; fileRef = 622EFDB62AC68DEA00FCB052 /* autosavedBeta.xcdatamodeld */; };
/* End PBXBuildFile section */

/* Begin PBXFileReference section */
		1E9297272AC7063600555CFF /* Identifiable+Protocol.swift */ = {isa = PBXFileReference; lastKnownFileType = sourcecode.swift; path = "Identifiable+Protocol.swift"; sourceTree = "<group>"; };
		1E9297292AC7067900555CFF /* Iterable+Protocol.swift */ = {isa = PBXFileReference; lastKnownFileType = sourcecode.swift; path = "Iterable+Protocol.swift"; sourceTree = "<group>"; };
		1E92972F2AC7082A00555CFF /* Property+Protocol.swift */ = {isa = PBXFileReference; lastKnownFileType = sourcecode.swift; path = "Property+Protocol.swift"; sourceTree = "<group>"; };
		1E9297322AC7089F00555CFF /* Type+Enum.swift */ = {isa = PBXFileReference; lastKnownFileType = sourcecode.swift; path = "Type+Enum.swift"; sourceTree = "<group>"; };
		1E9297342AC708B800555CFF /* Variable+Enum.swift */ = {isa = PBXFileReference; lastKnownFileType = sourcecode.swift; path = "Variable+Enum.swift"; sourceTree = "<group>"; };
		1E9297362AC7096700555CFF /* Mode+Enum.swift */ = {isa = PBXFileReference; lastKnownFileType = sourcecode.swift; path = "Mode+Enum.swift"; sourceTree = "<group>"; };
		1E9297382AC7097200555CFF /* Input+Enum.swift */ = {isa = PBXFileReference; lastKnownFileType = sourcecode.swift; path = "Input+Enum.swift"; sourceTree = "<group>"; };
		1E92973A2AC709AB00555CFF /* Game+View.swift */ = {isa = PBXFileReference; lastKnownFileType = sourcecode.swift; path = "Game+View.swift"; sourceTree = "<group>"; };
		1E92973C2AC70A4600555CFF /* Hash+Enum.swift */ = {isa = PBXFileReference; lastKnownFileType = sourcecode.swift; path = "Hash+Enum.swift"; sourceTree = "<group>"; };
		1E9297402AC70AC900555CFF /* Format+Protocol.swift */ = {isa = PBXFileReference; lastKnownFileType = sourcecode.swift; path = "Format+Protocol.swift"; sourceTree = "<group>"; };
		1E9297422AC70B0900555CFF /* Format+Enum.swift */ = {isa = PBXFileReference; lastKnownFileType = sourcecode.swift; path = "Format+Enum.swift"; sourceTree = "<group>"; };
		1E9297442AC70B1200555CFF /* Digital+Enum.swift */ = {isa = PBXFileReference; lastKnownFileType = sourcecode.swift; path = "Digital+Enum.swift"; sourceTree = "<group>"; };
		1E9297462AC70B1B00555CFF /* Physical+Enum.swift */ = {isa = PBXFileReference; lastKnownFileType = sourcecode.swift; path = "Physical+Enum.swift"; sourceTree = "<group>"; };
		1E92974B2AC7490300555CFF /* Platform+Protocol.swift */ = {isa = PBXFileReference; lastKnownFileType = sourcecode.swift; path = "Platform+Protocol.swift"; sourceTree = "<group>"; };
		1E92974D2AC749E100555CFF /* Platform+Enum.swift */ = {isa = PBXFileReference; fileEncoding = 4; lastKnownFileType = sourcecode.swift; path = "Platform+Enum.swift"; sourceTree = "<group>"; };
		1E92974F2AC74A3600555CFF /* PC+Enum.swift */ = {isa = PBXFileReference; fileEncoding = 4; lastKnownFileType = sourcecode.swift; path = "PC+Enum.swift"; sourceTree = "<group>"; };
		1E9297502AC74A3600555CFF /* PlayStation+Enum.swift */ = {isa = PBXFileReference; fileEncoding = 4; lastKnownFileType = sourcecode.swift; path = "PlayStation+Enum.swift"; sourceTree = "<group>"; };
		1E9297512AC74A3600555CFF /* Nintendo+Enum.swift */ = {isa = PBXFileReference; fileEncoding = 4; lastKnownFileType = sourcecode.swift; path = "Nintendo+Enum.swift"; sourceTree = "<group>"; };
		1E9297522AC74A3600555CFF /* Xbox+Enum.swift */ = {isa = PBXFileReference; fileEncoding = 4; lastKnownFileType = sourcecode.swift; path = "Xbox+Enum.swift"; sourceTree = "<group>"; };
		1E9297582AC74CE700555CFF /* Input+Builder.swift */ = {isa = PBXFileReference; lastKnownFileType = sourcecode.swift; path = "Input+Builder.swift"; sourceTree = "<group>"; };
		1E92975A2AC74CEF00555CFF /* Platform+Builder.swift */ = {isa = PBXFileReference; lastKnownFileType = sourcecode.swift; path = "Platform+Builder.swift"; sourceTree = "<group>"; };
		1E92975C2AC74CF500555CFF /* Mode+Builder.swift */ = {isa = PBXFileReference; lastKnownFileType = sourcecode.swift; path = "Mode+Builder.swift"; sourceTree = "<group>"; };
		1E92975E2AC74CFF00555CFF /* Builder+Protocol.swift */ = {isa = PBXFileReference; lastKnownFileType = sourcecode.swift; path = "Builder+Protocol.swift"; sourceTree = "<group>"; };
		1E9297672AC7525800555CFF /* PlatformDictionary+Protocol.swift */ = {isa = PBXFileReference; lastKnownFileType = sourcecode.swift; path = "PlatformDictionary+Protocol.swift"; sourceTree = "<group>"; };
		1E92976D2AC7807E00555CFF /* Predicate+Extension.swift */ = {isa = PBXFileReference; lastKnownFileType = sourcecode.swift; path = "Predicate+Extension.swift"; sourceTree = "<group>"; };
		1E92976F2AC780AD00555CFF /* SortDesc+Extension.swift */ = {isa = PBXFileReference; lastKnownFileType = sourcecode.swift; path = "SortDesc+Extension.swift"; sourceTree = "<group>"; };
		1E9297772AC7985E00555CFF /* Game+Builder.swift */ = {isa = PBXFileReference; lastKnownFileType = sourcecode.swift; path = "Game+Builder.swift"; sourceTree = "<group>"; };
		1E92977C2AC7BDFA00555CFF /* Entity+Enum.swift */ = {isa = PBXFileReference; lastKnownFileType = sourcecode.swift; path = "Entity+Enum.swift"; sourceTree = "<group>"; };
		1E9297802AC7BED300555CFF /* Entity+Protocol.swift */ = {isa = PBXFileReference; lastKnownFileType = sourcecode.swift; path = "Entity+Protocol.swift"; sourceTree = "<group>"; };
		1E9297822AC7CDA900555CFF /* Main+View.swift */ = {isa = PBXFileReference; lastKnownFileType = sourcecode.swift; path = "Main+View.swift"; sourceTree = "<group>"; };
		1E9297862AC7D14200555CFF /* Inputs+View.swift */ = {isa = PBXFileReference; lastKnownFileType = sourcecode.swift; path = "Inputs+View.swift"; sourceTree = "<group>"; };
		1E9297882AC801AB00555CFF /* NSSet+Extension.swift */ = {isa = PBXFileReference; lastKnownFileType = sourcecode.swift; path = "NSSet+Extension.swift"; sourceTree = "<group>"; };
		1E92978E2AC8702B00555CFF /* AddInput+View.swift */ = {isa = PBXFileReference; lastKnownFileType = sourcecode.swift; path = "AddInput+View.swift"; sourceTree = "<group>"; };
		1E9297902AC8717E00555CFF /* [Property]+Extension.swift */ = {isa = PBXFileReference; lastKnownFileType = sourcecode.swift; path = "[Property]+Extension.swift"; sourceTree = "<group>"; };
		1E9297992AC8754B00555CFF /* series.txt */ = {isa = PBXFileReference; fileEncoding = 4; lastKnownFileType = text; path = series.txt; sourceTree = "<group>"; };
		1E92979A2AC8754B00555CFF /* ResourceReader.swift */ = {isa = PBXFileReference; fileEncoding = 4; lastKnownFileType = sourcecode.swift; path = ResourceReader.swift; sourceTree = "<group>"; };
		1E92979B2AC8754B00555CFF /* image.txt */ = {isa = PBXFileReference; fileEncoding = 4; lastKnownFileType = text; path = image.txt; sourceTree = "<group>"; };
		1E92979C2AC8754B00555CFF /* genre.txt */ = {isa = PBXFileReference; fileEncoding = 4; lastKnownFileType = text; path = genre.txt; sourceTree = "<group>"; };
		1E9297A22AC8854800555CFF /* Array+Extension.swift */ = {isa = PBXFileReference; lastKnownFileType = sourcecode.swift; path = "Array+Extension.swift"; sourceTree = "<group>"; };
		1E9297A42AC8878D00555CFF /* Modes+View.swift */ = {isa = PBXFileReference; lastKnownFileType = sourcecode.swift; path = "Modes+View.swift"; sourceTree = "<group>"; };
		1E9297A62AC88C0400555CFF /* Platforms+View.swift */ = {isa = PBXFileReference; lastKnownFileType = sourcecode.swift; path = "Platforms+View.swift"; sourceTree = "<group>"; };
		1E9297AA2AC8942D00555CFF /* AddPlatform+View.swift */ = {isa = PBXFileReference; lastKnownFileType = sourcecode.swift; path = "AddPlatform+View.swift"; sourceTree = "<group>"; };
		1E9297AC2AC89EDC00555CFF /* Property+Dictionary.swift */ = {isa = PBXFileReference; lastKnownFileType = sourcecode.swift; path = "Property+Dictionary.swift"; sourceTree = "<group>"; };
		1E9297AE2AC8C11D00555CFF /* InputDictionary+Protocol.swift */ = {isa = PBXFileReference; lastKnownFileType = sourcecode.swift; path = "InputDictionary+Protocol.swift"; sourceTree = "<group>"; };
		1E9297B02AC8C12D00555CFF /* ModeDictionary+Protocol.swift */ = {isa = PBXFileReference; lastKnownFileType = sourcecode.swift; path = "ModeDictionary+Protocol.swift"; sourceTree = "<group>"; };
		1E9297B22AC8D93600555CFF /* Form+View.swift */ = {isa = PBXFileReference; lastKnownFileType = sourcecode.swift; path = "Form+View.swift"; sourceTree = "<group>"; };
		6200A3392AC6915A00206FFA /* Property+Class.swift */ = {isa = PBXFileReference; lastKnownFileType = sourcecode.swift; path = "Property+Class.swift"; sourceTree = "<group>"; };
		6200A33B2AC6916400206FFA /* Game+Class.swift */ = {isa = PBXFileReference; lastKnownFileType = sourcecode.swift; path = "Game+Class.swift"; sourceTree = "<group>"; };
		6200A3462AC694BE00206FFA /* Context+Extension.swift */ = {isa = PBXFileReference; lastKnownFileType = sourcecode.swift; path = "Context+Extension.swift"; sourceTree = "<group>"; };
		6200A3482AC694D800206FFA /* Date+Extension.swift */ = {isa = PBXFileReference; lastKnownFileType = sourcecode.swift; path = "Date+Extension.swift"; sourceTree = "<group>"; };
		6200A34C2AC6956400206FFA /* Image+Extension.swift */ = {isa = PBXFileReference; lastKnownFileType = sourcecode.swift; path = "Image+Extension.swift"; sourceTree = "<group>"; };
		6200A34E2AC6957800206FFA /* String+Extension.swift */ = {isa = PBXFileReference; lastKnownFileType = sourcecode.swift; path = "String+Extension.swift"; sourceTree = "<group>"; };
		6200A3512AC6959E00206FFA /* Hide+Modifier.swift */ = {isa = PBXFileReference; lastKnownFileType = sourcecode.swift; path = "Hide+Modifier.swift"; sourceTree = "<group>"; };
		6200A3532AC695B300206FFA /* View+Extension.swift */ = {isa = PBXFileReference; lastKnownFileType = sourcecode.swift; path = "View+Extension.swift"; sourceTree = "<group>"; };
		6200A3552AC695CF00206FFA /* Icon+View.swift */ = {isa = PBXFileReference; lastKnownFileType = sourcecode.swift; path = "Icon+View.swift"; sourceTree = "<group>"; };
		6200A3572AC6961C00206FFA /* String?+Extension.swift */ = {isa = PBXFileReference; lastKnownFileType = sourcecode.swift; path = "String?+Extension.swift"; sourceTree = "<group>"; };
		622EFDA82AC68DE700FCB052 /* autosavedBeta.app */ = {isa = PBXFileReference; explicitFileType = wrapper.application; includeInIndex = 0; path = autosavedBeta.app; sourceTree = BUILT_PRODUCTS_DIR; };
		622EFDAB2AC68DE700FCB052 /* autosavedBetaApp.swift */ = {isa = PBXFileReference; lastKnownFileType = sourcecode.swift; path = autosavedBetaApp.swift; sourceTree = "<group>"; };
		622EFDAD2AC68DE700FCB052 /* ContentView.swift */ = {isa = PBXFileReference; lastKnownFileType = sourcecode.swift; path = ContentView.swift; sourceTree = "<group>"; };
		622EFDAF2AC68DEA00FCB052 /* Assets.xcassets */ = {isa = PBXFileReference; lastKnownFileType = folder.assetcatalog; path = Assets.xcassets; sourceTree = "<group>"; };
		622EFDB22AC68DEA00FCB052 /* Preview Assets.xcassets */ = {isa = PBXFileReference; lastKnownFileType = folder.assetcatalog; path = "Preview Assets.xcassets"; sourceTree = "<group>"; };
		622EFDB42AC68DEA00FCB052 /* Persistence.swift */ = {isa = PBXFileReference; lastKnownFileType = sourcecode.swift; path = Persistence.swift; sourceTree = "<group>"; };
		622EFDB72AC68DEA00FCB052 /* autosavedBeta.xcdatamodel */ = {isa = PBXFileReference; lastKnownFileType = wrapper.xcdatamodel; path = autosavedBeta.xcdatamodel; sourceTree = "<group>"; };
/* End PBXFileReference section */

/* Begin PBXFrameworksBuildPhase section */
		622EFDA52AC68DE700FCB052 /* Frameworks */ = {
			isa = PBXFrameworksBuildPhase;
			buildActionMask = 2147483647;
			files = (
			);
			runOnlyForDeploymentPostprocessing = 0;
		};
/* End PBXFrameworksBuildPhase section */

/* Begin PBXGroup section */
		1E9297262AC7053600555CFF /* Protocols */ = {
			isa = PBXGroup;
			children = (
				1E9297272AC7063600555CFF /* Identifiable+Protocol.swift */,
				1E9297292AC7067900555CFF /* Iterable+Protocol.swift */,
				1E9297802AC7BED300555CFF /* Entity+Protocol.swift */,
			);
			path = Protocols;
			sourceTree = "<group>";
		};
		1E92972B2AC707B900555CFF /* Classes */ = {
			isa = PBXGroup;
			children = (
				6200A3392AC6915A00206FFA /* Property+Class.swift */,
				1E9297AC2AC89EDC00555CFF /* Property+Dictionary.swift */,
				1E9297572AC74CDE00555CFF /* Builders */,
			);
			path = Classes;
			sourceTree = "<group>";
		};
		1E92972E2AC707FC00555CFF /* Protocols */ = {
			isa = PBXGroup;
			children = (
				1E92972F2AC7082A00555CFF /* Property+Protocol.swift */,
				1E92975E2AC74CFF00555CFF /* Builder+Protocol.swift */,
				1E9297402AC70AC900555CFF /* Format+Protocol.swift */,
				1E92974B2AC7490300555CFF /* Platform+Protocol.swift */,
				1E9297672AC7525800555CFF /* PlatformDictionary+Protocol.swift */,
				1E9297AE2AC8C11D00555CFF /* InputDictionary+Protocol.swift */,
				1E9297B02AC8C12D00555CFF /* ModeDictionary+Protocol.swift */,
			);
			path = Protocols;
			sourceTree = "<group>";
		};
		1E9297312AC7089600555CFF /* Enums */ = {
			isa = PBXGroup;
			children = (
				1E92973F2AC70A8300555CFF /* Platforms */,
				1E92973E2AC70A7E00555CFF /* Formats */,
				1E9297322AC7089F00555CFF /* Type+Enum.swift */,
				1E9297342AC708B800555CFF /* Variable+Enum.swift */,
				1E9297362AC7096700555CFF /* Mode+Enum.swift */,
				1E9297382AC7097200555CFF /* Input+Enum.swift */,
				1E92973C2AC70A4600555CFF /* Hash+Enum.swift */,
			);
			path = Enums;
			sourceTree = "<group>";
		};
		1E92973E2AC70A7E00555CFF /* Formats */ = {
			isa = PBXGroup;
			children = (
				1E9297422AC70B0900555CFF /* Format+Enum.swift */,
				1E9297442AC70B1200555CFF /* Digital+Enum.swift */,
				1E9297462AC70B1B00555CFF /* Physical+Enum.swift */,
			);
			path = Formats;
			sourceTree = "<group>";
		};
		1E92973F2AC70A8300555CFF /* Platforms */ = {
			isa = PBXGroup;
			children = (
				1E92974D2AC749E100555CFF /* Platform+Enum.swift */,
				1E9297512AC74A3600555CFF /* Nintendo+Enum.swift */,
				1E92974F2AC74A3600555CFF /* PC+Enum.swift */,
				1E9297502AC74A3600555CFF /* PlayStation+Enum.swift */,
				1E9297522AC74A3600555CFF /* Xbox+Enum.swift */,
			);
			path = Platforms;
			sourceTree = "<group>";
		};
		1E9297482AC7482E00555CFF /* Extensions */ = {
			isa = PBXGroup;
			children = (
				1E92976D2AC7807E00555CFF /* Predicate+Extension.swift */,
				1E92976F2AC780AD00555CFF /* SortDesc+Extension.swift */,
				1E9297902AC8717E00555CFF /* [Property]+Extension.swift */,
			);
			path = Extensions;
			sourceTree = "<group>";
		};
		1E9297572AC74CDE00555CFF /* Builders */ = {
			isa = PBXGroup;
			children = (
				1E9297582AC74CE700555CFF /* Input+Builder.swift */,
				1E92975A2AC74CEF00555CFF /* Platform+Builder.swift */,
				1E92975C2AC74CF500555CFF /* Mode+Builder.swift */,
			);
			path = Builders;
			sourceTree = "<group>";
		};
		1E9297762AC7985200555CFF /* Classes */ = {
			isa = PBXGroup;
			children = (
				6200A33B2AC6916400206FFA /* Game+Class.swift */,
				1E9297772AC7985E00555CFF /* Game+Builder.swift */,
			);
			path = Classes;
			sourceTree = "<group>";
		};
		1E92977B2AC7BDEF00555CFF /* Enums */ = {
			isa = PBXGroup;
			children = (
				1E92977C2AC7BDFA00555CFF /* Entity+Enum.swift */,
			);
			path = Enums;
			sourceTree = "<group>";
		};
		1E9297982AC8754B00555CFF /* Resources */ = {
			isa = PBXGroup;
			children = (
				1E92979A2AC8754B00555CFF /* ResourceReader.swift */,
				1E9297A12AC8755500555CFF /* Files */,
			);
			name = Resources;
			path = "../../../../../Downloads/autosavedDev-secondary/autosavedDev/Resources";
			sourceTree = "<group>";
		};
		1E9297A12AC8755500555CFF /* Files */ = {
			isa = PBXGroup;
			children = (
				1E9297992AC8754B00555CFF /* series.txt */,
				1E92979B2AC8754B00555CFF /* image.txt */,
				1E92979C2AC8754B00555CFF /* genre.txt */,
			);
			name = Files;
			sourceTree = "<group>";
		};
		6200A3372AC6914100206FFA /* Game */ = {
			isa = PBXGroup;
			children = (
				1E9297762AC7985200555CFF /* Classes */,
			);
			path = Game;
			sourceTree = "<group>";
		};
		6200A3382AC6914A00206FFA /* Property */ = {
			isa = PBXGroup;
			children = (
				1E92972B2AC707B900555CFF /* Classes */,
				1E9297312AC7089600555CFF /* Enums */,
				1E92972E2AC707FC00555CFF /* Protocols */,
				1E9297482AC7482E00555CFF /* Extensions */,
			);
			path = Property;
			sourceTree = "<group>";
		};
		6200A3452AC6949100206FFA /* Extensions */ = {
			isa = PBXGroup;
			children = (
				1E9297A22AC8854800555CFF /* Array+Extension.swift */,
				6200A3462AC694BE00206FFA /* Context+Extension.swift */,
				6200A3482AC694D800206FFA /* Date+Extension.swift */,
				6200A34C2AC6956400206FFA /* Image+Extension.swift */,
				6200A34E2AC6957800206FFA /* String+Extension.swift */,
				6200A3572AC6961C00206FFA /* String?+Extension.swift */,
				6200A3532AC695B300206FFA /* View+Extension.swift */,
				1E9297882AC801AB00555CFF /* NSSet+Extension.swift */,
			);
			path = Extensions;
			sourceTree = "<group>";
		};
		6200A3502AC6958E00206FFA /* Modifiers */ = {
			isa = PBXGroup;
			children = (
				6200A3512AC6959E00206FFA /* Hide+Modifier.swift */,
			);
			path = Modifiers;
			sourceTree = "<group>";
		};
		622EFD9F2AC68DE700FCB052 = {
			isa = PBXGroup;
			children = (
				622EFDAA2AC68DE700FCB052 /* autosavedBeta */,
				622EFDA92AC68DE700FCB052 /* Products */,
			);
			sourceTree = "<group>";
		};
		622EFDA92AC68DE700FCB052 /* Products */ = {
			isa = PBXGroup;
			children = (
				622EFDA82AC68DE700FCB052 /* autosavedBeta.app */,
			);
			name = Products;
			sourceTree = "<group>";
		};
		622EFDAA2AC68DE700FCB052 /* autosavedBeta */ = {
			isa = PBXGroup;
			children = (
				1E9297982AC8754B00555CFF /* Resources */,
				6200A3372AC6914100206FFA /* Game */,
				6200A3382AC6914A00206FFA /* Property */,
				622EFDAB2AC68DE700FCB052 /* autosavedBetaApp.swift */,
				622EFDBF2AC6906A00FCB052 /* CoreData */,
				1E92977B2AC7BDEF00555CFF /* Enums */,
				6200A3452AC6949100206FFA /* Extensions */,
				1E9297262AC7053600555CFF /* Protocols */,
				6200A3502AC6958E00206FFA /* Modifiers */,
				622EFDBE2AC6906100FCB052 /* Views */,
				622EFDAF2AC68DEA00FCB052 /* Assets.xcassets */,
				622EFDB12AC68DEA00FCB052 /* Preview Content */,
			);
			path = autosavedBeta;
			sourceTree = "<group>";
		};
		622EFDB12AC68DEA00FCB052 /* Preview Content */ = {
			isa = PBXGroup;
			children = (
				622EFDB22AC68DEA00FCB052 /* Preview Assets.xcassets */,
			);
			path = "Preview Content";
			sourceTree = "<group>";
		};
		622EFDBE2AC6906100FCB052 /* Views */ = {
			isa = PBXGroup;
			children = (
				622EFDAD2AC68DE700FCB052 /* ContentView.swift */,
				6200A3552AC695CF00206FFA /* Icon+View.swift */,
				1E9297822AC7CDA900555CFF /* Main+View.swift */,
				1E92973A2AC709AB00555CFF /* Game+View.swift */,
				1E9297862AC7D14200555CFF /* Inputs+View.swift */,
				1E92978E2AC8702B00555CFF /* AddInput+View.swift */,
				1E9297A42AC8878D00555CFF /* Modes+View.swift */,
				1E9297A62AC88C0400555CFF /* Platforms+View.swift */,
				1E9297AA2AC8942D00555CFF /* AddPlatform+View.swift */,
				1E9297B22AC8D93600555CFF /* Form+View.swift */,
			);
			path = Views;
			sourceTree = "<group>";
		};
		622EFDBF2AC6906A00FCB052 /* CoreData */ = {
			isa = PBXGroup;
			children = (
				622EFDB42AC68DEA00FCB052 /* Persistence.swift */,
				622EFDB62AC68DEA00FCB052 /* autosavedBeta.xcdatamodeld */,
			);
			path = CoreData;
			sourceTree = "<group>";
		};
/* End PBXGroup section */

/* Begin PBXNativeTarget section */
		622EFDA72AC68DE700FCB052 /* autosavedBeta */ = {
			isa = PBXNativeTarget;
			buildConfigurationList = 622EFDBB2AC68DEA00FCB052 /* Build configuration list for PBXNativeTarget "autosavedBeta" */;
			buildPhases = (
				622EFDA42AC68DE700FCB052 /* Sources */,
				622EFDA52AC68DE700FCB052 /* Frameworks */,
				622EFDA62AC68DE700FCB052 /* Resources */,
			);
			buildRules = (
			);
			dependencies = (
			);
			name = autosavedBeta;
			productName = autosavedBeta;
			productReference = 622EFDA82AC68DE700FCB052 /* autosavedBeta.app */;
			productType = "com.apple.product-type.application";
		};
/* End PBXNativeTarget section */

/* Begin PBXProject section */
		622EFDA02AC68DE700FCB052 /* Project object */ = {
			isa = PBXProject;
			attributes = {
				BuildIndependentTargetsInParallel = 1;
				LastSwiftUpdateCheck = 1430;
				LastUpgradeCheck = 1430;
				TargetAttributes = {
					622EFDA72AC68DE700FCB052 = {
						CreatedOnToolsVersion = 14.3.1;
					};
				};
			};
			buildConfigurationList = 622EFDA32AC68DE700FCB052 /* Build configuration list for PBXProject "autosavedBeta" */;
			compatibilityVersion = "Xcode 14.0";
			developmentRegion = en;
			hasScannedForEncodings = 0;
			knownRegions = (
				en,
				Base,
			);
			mainGroup = 622EFD9F2AC68DE700FCB052;
			productRefGroup = 622EFDA92AC68DE700FCB052 /* Products */;
			projectDirPath = "";
			projectRoot = "";
			targets = (
				622EFDA72AC68DE700FCB052 /* autosavedBeta */,
			);
		};
/* End PBXProject section */

/* Begin PBXResourcesBuildPhase section */
		622EFDA62AC68DE700FCB052 /* Resources */ = {
			isa = PBXResourcesBuildPhase;
			buildActionMask = 2147483647;
			files = (
				622EFDB32AC68DEA00FCB052 /* Preview Assets.xcassets in Resources */,
				1E92979D2AC8754B00555CFF /* series.txt in Resources */,
				1E92979F2AC8754B00555CFF /* image.txt in Resources */,
				1E9297A02AC8754B00555CFF /* genre.txt in Resources */,
				622EFDB02AC68DEA00FCB052 /* Assets.xcassets in Resources */,
			);
			runOnlyForDeploymentPostprocessing = 0;
		};
/* End PBXResourcesBuildPhase section */

/* Begin PBXSourcesBuildPhase section */
		622EFDA42AC68DE700FCB052 /* Sources */ = {
			isa = PBXSourcesBuildPhase;
			buildActionMask = 2147483647;
			files = (
				1E9297372AC7096700555CFF /* Mode+Enum.swift in Sources */,
				1E9297A32AC8854800555CFF /* Array+Extension.swift in Sources */,
				1E9297282AC7063600555CFF /* Identifiable+Protocol.swift in Sources */,
				622EFDB52AC68DEA00FCB052 /* Persistence.swift in Sources */,
				1E9297552AC74A3600555CFF /* Nintendo+Enum.swift in Sources */,
				1E92975B2AC74CEF00555CFF /* Platform+Builder.swift in Sources */,
				1E92978F2AC8702B00555CFF /* AddInput+View.swift in Sources */,
				1E9297872AC7D14200555CFF /* Inputs+View.swift in Sources */,
				1E9297832AC7CDA900555CFF /* Main+View.swift in Sources */,
				1E9297472AC70B1B00555CFF /* Physical+Enum.swift in Sources */,
				1E9297B32AC8D93600555CFF /* Form+View.swift in Sources */,
				6200A33A2AC6915B00206FFA /* Property+Class.swift in Sources */,
				6200A34D2AC6956400206FFA /* Image+Extension.swift in Sources */,
				1E9297592AC74CE700555CFF /* Input+Builder.swift in Sources */,
				1E9297892AC801AB00555CFF /* NSSet+Extension.swift in Sources */,
				1E92974E2AC749E100555CFF /* Platform+Enum.swift in Sources */,
				1E9297532AC74A3600555CFF /* PC+Enum.swift in Sources */,
				1E9297542AC74A3600555CFF /* PlayStation+Enum.swift in Sources */,
				1E92973D2AC70A4600555CFF /* Hash+Enum.swift in Sources */,
				1E92973B2AC709AB00555CFF /* Game+View.swift in Sources */,
				6200A3522AC6959E00206FFA /* Hide+Modifier.swift in Sources */,
				6200A33C2AC6916400206FFA /* Game+Class.swift in Sources */,
				622EFDAE2AC68DE700FCB052 /* ContentView.swift in Sources */,
				1E9297782AC7985E00555CFF /* Game+Builder.swift in Sources */,
				1E9297302AC7082A00555CFF /* Property+Protocol.swift in Sources */,
				1E92975D2AC74CF500555CFF /* Mode+Builder.swift in Sources */,
				1E92972A2AC7067900555CFF /* Iterable+Protocol.swift in Sources */,
				1E9297412AC70AC900555CFF /* Format+Protocol.swift in Sources */,
				1E9297AB2AC8942D00555CFF /* AddPlatform+View.swift in Sources */,
				1E9297B12AC8C12D00555CFF /* ModeDictionary+Protocol.swift in Sources */,
				6200A3582AC6961C00206FFA /* String?+Extension.swift in Sources */,
				1E9297332AC7089F00555CFF /* Type+Enum.swift in Sources */,
				1E9297352AC708B800555CFF /* Variable+Enum.swift in Sources */,
				1E9297AD2AC89EDC00555CFF /* Property+Dictionary.swift in Sources */,
				622EFDB82AC68DEA00FCB052 /* autosavedBeta.xcdatamodeld in Sources */,
				1E9297452AC70B1200555CFF /* Digital+Enum.swift in Sources */,
				6200A3492AC694D800206FFA /* Date+Extension.swift in Sources */,
				1E92974C2AC7490300555CFF /* Platform+Protocol.swift in Sources */,
				1E9297812AC7BED300555CFF /* Entity+Protocol.swift in Sources */,
				1E9297A52AC8878D00555CFF /* Modes+View.swift in Sources */,
				6200A3472AC694BE00206FFA /* Context+Extension.swift in Sources */,
				1E92979E2AC8754B00555CFF /* ResourceReader.swift in Sources */,
				1E9297AF2AC8C11D00555CFF /* InputDictionary+Protocol.swift in Sources */,
				1E9297A72AC88C0400555CFF /* Platforms+View.swift in Sources */,
				6200A3562AC695CF00206FFA /* Icon+View.swift in Sources */,
				6200A34F2AC6957800206FFA /* String+Extension.swift in Sources */,
				6200A3542AC695B300206FFA /* View+Extension.swift in Sources */,
				622EFDAC2AC68DE700FCB052 /* autosavedBetaApp.swift in Sources */,
				1E9297392AC7097200555CFF /* Input+Enum.swift in Sources */,
				1E92975F2AC74CFF00555CFF /* Builder+Protocol.swift in Sources */,
				1E9297432AC70B0900555CFF /* Format+Enum.swift in Sources */,
				1E9297912AC8717E00555CFF /* [Property]+Extension.swift in Sources */,
				1E9297562AC74A3600555CFF /* Xbox+Enum.swift in Sources */,
				1E92976E2AC7807E00555CFF /* Predicate+Extension.swift in Sources */,
				1E9297682AC7525800555CFF /* PlatformDictionary+Protocol.swift in Sources */,
				1E9297702AC780AD00555CFF /* SortDesc+Extension.swift in Sources */,
				1E92977D2AC7BDFA00555CFF /* Entity+Enum.swift in Sources */,
			);
			runOnlyForDeploymentPostprocessing = 0;
		};
/* End PBXSourcesBuildPhase section */

/* Begin XCBuildConfiguration section */
		622EFDB92AC68DEA00FCB052 /* Debug */ = {
			isa = XCBuildConfiguration;
			buildSettings = {
				ALWAYS_SEARCH_USER_PATHS = NO;
				CLANG_ANALYZER_NONNULL = YES;
				CLANG_ANALYZER_NUMBER_OBJECT_CONVERSION = YES_AGGRESSIVE;
				CLANG_CXX_LANGUAGE_STANDARD = "gnu++20";
				CLANG_ENABLE_MODULES = YES;
				CLANG_ENABLE_OBJC_ARC = YES;
				CLANG_ENABLE_OBJC_WEAK = YES;
				CLANG_WARN_BLOCK_CAPTURE_AUTORELEASING = YES;
				CLANG_WARN_BOOL_CONVERSION = YES;
				CLANG_WARN_COMMA = YES;
				CLANG_WARN_CONSTANT_CONVERSION = YES;
				CLANG_WARN_DEPRECATED_OBJC_IMPLEMENTATIONS = YES;
				CLANG_WARN_DIRECT_OBJC_ISA_USAGE = YES_ERROR;
				CLANG_WARN_DOCUMENTATION_COMMENTS = YES;
				CLANG_WARN_EMPTY_BODY = YES;
				CLANG_WARN_ENUM_CONVERSION = YES;
				CLANG_WARN_INFINITE_RECURSION = YES;
				CLANG_WARN_INT_CONVERSION = YES;
				CLANG_WARN_NON_LITERAL_NULL_CONVERSION = YES;
				CLANG_WARN_OBJC_IMPLICIT_RETAIN_SELF = YES;
				CLANG_WARN_OBJC_LITERAL_CONVERSION = YES;
				CLANG_WARN_OBJC_ROOT_CLASS = YES_ERROR;
				CLANG_WARN_QUOTED_INCLUDE_IN_FRAMEWORK_HEADER = YES;
				CLANG_WARN_RANGE_LOOP_ANALYSIS = YES;
				CLANG_WARN_STRICT_PROTOTYPES = YES;
				CLANG_WARN_SUSPICIOUS_MOVE = YES;
				CLANG_WARN_UNGUARDED_AVAILABILITY = YES_AGGRESSIVE;
				CLANG_WARN_UNREACHABLE_CODE = YES;
				CLANG_WARN__DUPLICATE_METHOD_MATCH = YES;
				COPY_PHASE_STRIP = NO;
				DEBUG_INFORMATION_FORMAT = dwarf;
				ENABLE_STRICT_OBJC_MSGSEND = YES;
				ENABLE_TESTABILITY = YES;
				GCC_C_LANGUAGE_STANDARD = gnu11;
				GCC_DYNAMIC_NO_PIC = NO;
				GCC_NO_COMMON_BLOCKS = YES;
				GCC_OPTIMIZATION_LEVEL = 0;
				GCC_PREPROCESSOR_DEFINITIONS = (
					"DEBUG=1",
					"$(inherited)",
				);
				GCC_WARN_64_TO_32_BIT_CONVERSION = YES;
				GCC_WARN_ABOUT_RETURN_TYPE = YES_ERROR;
				GCC_WARN_UNDECLARED_SELECTOR = YES;
				GCC_WARN_UNINITIALIZED_AUTOS = YES_AGGRESSIVE;
				GCC_WARN_UNUSED_FUNCTION = YES;
				GCC_WARN_UNUSED_VARIABLE = YES;
				IPHONEOS_DEPLOYMENT_TARGET = 16.4;
				MTL_ENABLE_DEBUG_INFO = INCLUDE_SOURCE;
				MTL_FAST_MATH = YES;
				ONLY_ACTIVE_ARCH = YES;
				SDKROOT = iphoneos;
				SWIFT_ACTIVE_COMPILATION_CONDITIONS = DEBUG;
				SWIFT_OPTIMIZATION_LEVEL = "-Onone";
			};
			name = Debug;
		};
		622EFDBA2AC68DEA00FCB052 /* Release */ = {
			isa = XCBuildConfiguration;
			buildSettings = {
				ALWAYS_SEARCH_USER_PATHS = NO;
				CLANG_ANALYZER_NONNULL = YES;
				CLANG_ANALYZER_NUMBER_OBJECT_CONVERSION = YES_AGGRESSIVE;
				CLANG_CXX_LANGUAGE_STANDARD = "gnu++20";
				CLANG_ENABLE_MODULES = YES;
				CLANG_ENABLE_OBJC_ARC = YES;
				CLANG_ENABLE_OBJC_WEAK = YES;
				CLANG_WARN_BLOCK_CAPTURE_AUTORELEASING = YES;
				CLANG_WARN_BOOL_CONVERSION = YES;
				CLANG_WARN_COMMA = YES;
				CLANG_WARN_CONSTANT_CONVERSION = YES;
				CLANG_WARN_DEPRECATED_OBJC_IMPLEMENTATIONS = YES;
				CLANG_WARN_DIRECT_OBJC_ISA_USAGE = YES_ERROR;
				CLANG_WARN_DOCUMENTATION_COMMENTS = YES;
				CLANG_WARN_EMPTY_BODY = YES;
				CLANG_WARN_ENUM_CONVERSION = YES;
				CLANG_WARN_INFINITE_RECURSION = YES;
				CLANG_WARN_INT_CONVERSION = YES;
				CLANG_WARN_NON_LITERAL_NULL_CONVERSION = YES;
				CLANG_WARN_OBJC_IMPLICIT_RETAIN_SELF = YES;
				CLANG_WARN_OBJC_LITERAL_CONVERSION = YES;
				CLANG_WARN_OBJC_ROOT_CLASS = YES_ERROR;
				CLANG_WARN_QUOTED_INCLUDE_IN_FRAMEWORK_HEADER = YES;
				CLANG_WARN_RANGE_LOOP_ANALYSIS = YES;
				CLANG_WARN_STRICT_PROTOTYPES = YES;
				CLANG_WARN_SUSPICIOUS_MOVE = YES;
				CLANG_WARN_UNGUARDED_AVAILABILITY = YES_AGGRESSIVE;
				CLANG_WARN_UNREACHABLE_CODE = YES;
				CLANG_WARN__DUPLICATE_METHOD_MATCH = YES;
				COPY_PHASE_STRIP = NO;
				DEBUG_INFORMATION_FORMAT = "dwarf-with-dsym";
				ENABLE_NS_ASSERTIONS = NO;
				ENABLE_STRICT_OBJC_MSGSEND = YES;
				GCC_C_LANGUAGE_STANDARD = gnu11;
				GCC_NO_COMMON_BLOCKS = YES;
				GCC_WARN_64_TO_32_BIT_CONVERSION = YES;
				GCC_WARN_ABOUT_RETURN_TYPE = YES_ERROR;
				GCC_WARN_UNDECLARED_SELECTOR = YES;
				GCC_WARN_UNINITIALIZED_AUTOS = YES_AGGRESSIVE;
				GCC_WARN_UNUSED_FUNCTION = YES;
				GCC_WARN_UNUSED_VARIABLE = YES;
				IPHONEOS_DEPLOYMENT_TARGET = 16.4;
				MTL_ENABLE_DEBUG_INFO = NO;
				MTL_FAST_MATH = YES;
				SDKROOT = iphoneos;
				SWIFT_COMPILATION_MODE = wholemodule;
				SWIFT_OPTIMIZATION_LEVEL = "-O";
				VALIDATE_PRODUCT = YES;
			};
			name = Release;
		};
		622EFDBC2AC68DEA00FCB052 /* Debug */ = {
			isa = XCBuildConfiguration;
			buildSettings = {
				ASSETCATALOG_COMPILER_APPICON_NAME = AppIcon;
				ASSETCATALOG_COMPILER_GLOBAL_ACCENT_COLOR_NAME = AccentColor;
				CODE_SIGN_STYLE = Automatic;
				CURRENT_PROJECT_VERSION = 1;
				DEVELOPMENT_ASSET_PATHS = "\"autosavedBeta/Preview Content\"";
				DEVELOPMENT_TEAM = 6H7NA9X6MX;
				ENABLE_PREVIEWS = YES;
				GENERATE_INFOPLIST_FILE = YES;
				INFOPLIST_KEY_UIApplicationSceneManifest_Generation = YES;
				INFOPLIST_KEY_UIApplicationSupportsIndirectInputEvents = YES;
				INFOPLIST_KEY_UILaunchScreen_Generation = YES;
				INFOPLIST_KEY_UISupportedInterfaceOrientations_iPad = "UIInterfaceOrientationPortrait UIInterfaceOrientationPortraitUpsideDown UIInterfaceOrientationLandscapeLeft UIInterfaceOrientationLandscapeRight";
				INFOPLIST_KEY_UISupportedInterfaceOrientations_iPhone = "UIInterfaceOrientationPortrait UIInterfaceOrientationLandscapeLeft UIInterfaceOrientationLandscapeRight";
				LD_RUNPATH_SEARCH_PATHS = (
					"$(inherited)",
					"@executable_path/Frameworks",
				);
				MARKETING_VERSION = 1.0;
				PRODUCT_BUNDLE_IDENTIFIER = asia.apps.autosavedBeta;
				PRODUCT_NAME = "$(TARGET_NAME)";
				SWIFT_EMIT_LOC_STRINGS = YES;
				SWIFT_VERSION = 5.0;
				TARGETED_DEVICE_FAMILY = "1,2";
			};
			name = Debug;
		};
		622EFDBD2AC68DEA00FCB052 /* Release */ = {
			isa = XCBuildConfiguration;
			buildSettings = {
				ASSETCATALOG_COMPILER_APPICON_NAME = AppIcon;
				ASSETCATALOG_COMPILER_GLOBAL_ACCENT_COLOR_NAME = AccentColor;
				CODE_SIGN_STYLE = Automatic;
				CURRENT_PROJECT_VERSION = 1;
				DEVELOPMENT_ASSET_PATHS = "\"autosavedBeta/Preview Content\"";
				DEVELOPMENT_TEAM = 6H7NA9X6MX;
				ENABLE_PREVIEWS = YES;
				GENERATE_INFOPLIST_FILE = YES;
				INFOPLIST_KEY_UIApplicationSceneManifest_Generation = YES;
				INFOPLIST_KEY_UIApplicationSupportsIndirectInputEvents = YES;
				INFOPLIST_KEY_UILaunchScreen_Generation = YES;
				INFOPLIST_KEY_UISupportedInterfaceOrientations_iPad = "UIInterfaceOrientationPortrait UIInterfaceOrientationPortraitUpsideDown UIInterfaceOrientationLandscapeLeft UIInterfaceOrientationLandscapeRight";
				INFOPLIST_KEY_UISupportedInterfaceOrientations_iPhone = "UIInterfaceOrientationPortrait UIInterfaceOrientationLandscapeLeft UIInterfaceOrientationLandscapeRight";
				LD_RUNPATH_SEARCH_PATHS = (
					"$(inherited)",
					"@executable_path/Frameworks",
				);
				MARKETING_VERSION = 1.0;
				PRODUCT_BUNDLE_IDENTIFIER = asia.apps.autosavedBeta;
				PRODUCT_NAME = "$(TARGET_NAME)";
				SWIFT_EMIT_LOC_STRINGS = YES;
				SWIFT_VERSION = 5.0;
				TARGETED_DEVICE_FAMILY = "1,2";
			};
			name = Release;
		};
/* End XCBuildConfiguration section */

/* Begin XCConfigurationList section */
		622EFDA32AC68DE700FCB052 /* Build configuration list for PBXProject "autosavedBeta" */ = {
			isa = XCConfigurationList;
			buildConfigurations = (
				622EFDB92AC68DEA00FCB052 /* Debug */,
				622EFDBA2AC68DEA00FCB052 /* Release */,
			);
			defaultConfigurationIsVisible = 0;
			defaultConfigurationName = Release;
		};
		622EFDBB2AC68DEA00FCB052 /* Build configuration list for PBXNativeTarget "autosavedBeta" */ = {
			isa = XCConfigurationList;
			buildConfigurations = (
				622EFDBC2AC68DEA00FCB052 /* Debug */,
				622EFDBD2AC68DEA00FCB052 /* Release */,
			);
			defaultConfigurationIsVisible = 0;
			defaultConfigurationName = Release;
		};
/* End XCConfigurationList section */

/* Begin XCVersionGroup section */
		622EFDB62AC68DEA00FCB052 /* autosavedBeta.xcdatamodeld */ = {
			isa = XCVersionGroup;
			children = (
				622EFDB72AC68DEA00FCB052 /* autosavedBeta.xcdatamodel */,
			);
			currentVersion = 622EFDB72AC68DEA00FCB052 /* autosavedBeta.xcdatamodel */;
			path = autosavedBeta.xcdatamodeld;
			sourceTree = "<group>";
			versionGroupType = wrapper.xcdatamodel;
		};
/* End XCVersionGroup section */
	};
	rootObject = 622EFDA02AC68DE700FCB052 /* Project object */;
}
